# This file was autogenerated by Stack.
# You should not edit this file by hand.
# For more information, please see the documentation at:
#   https://docs.haskellstack.org/en/stable/lock_files

packages:
- completed:
    hackage: MissingH-1.4.3.0@sha256:32f9892ec98cd21df4f4d3ed8d95a3831ae74287ea0641d6f09b2dc6ef061d39,4859
    pantry-tree:
      size: 5271
      sha256: 6cd6a7213615d72a7db3234c7fcd4346ceb4889bc8fb14b302b5878768018fcd
  original:
    hackage: MissingH-1.4.3.0@sha256:32f9892ec98cd21df4f4d3ed8d95a3831ae74287ea0641d6f09b2dc6ef061d39,4859
- completed:
    hackage: json-autotype-3.1.2@sha256:054191a85b710c790cb1f1a62de982194dfd086c745299a677210899e0b6625b,8510
    pantry-tree:
      size: 2465
      sha256: 23e4c9b01cdb6884e5c305313f0e9bfbe8c2986afb89cd9761c92057d33207f6
  original:
    hackage: json-autotype-3.1.2@sha256:054191a85b710c790cb1f1a62de982194dfd086c745299a677210899e0b6625b,8510
- completed:
    hackage: json-alt-1.0.0@sha256:8beedde73310702c8b0f0bd20b16db3945fe3a9b75f9163fedbda30a79edbd05,2949
    pantry-tree:
      size: 327
      sha256: 00a4e1c8281f8c1623b101e91db1f25f72e711b9c9a9f2fa3744684aefbc2c24
  original:
    hackage: json-alt-1.0.0@sha256:8beedde73310702c8b0f0bd20b16db3945fe3a9b75f9163fedbda30a79edbd05,2949
- completed:
    hackage: run-haskell-module-0.0.2@sha256:69eaa538fa6f3820581451a157b439feede147cd4bce032dcc393b247f7a597d,1317
    pantry-tree:
      size: 296
      sha256: eb779c8663bc37ec07c2bf3d9689fe987e07e63bc47b7242f088d440da600809
  original:
    hackage: run-haskell-module-0.0.2@sha256:69eaa538fa6f3820581451a157b439feede147cd4bce032dcc393b247f7a597d,1317
snapshots:
- completed:
    size: 586296
    url: https://raw.githubusercontent.com/commercialhaskell/stackage-snapshots/master/lts/18/18.yaml
    sha256: 63539429076b7ebbab6daa7656cfb079393bf644971156dc349d7c0453694ac2
  original: lts-18.18
